
Microsoft Visual Studio Solution File, Format Version 12.00
# Visual Studio 2012
Project("{FAE04EC0-301F-11D3-BF4B-00C04F79EFBC}") = "DesktopClock", "DesktopClock.csproj", "{D3E9B9F1-76F8-4EEC-A123-8608FFD2EB3C}"
EndProject
Global
	GlobalSection(SolutionConfigurationPlatforms) = preSolution
		Debug|Any CPU = Debug|Any CPU
		Release|Any CPU = Release|Any CPU
	EndGlobalSection
	GlobalSection(ProjectConfigurationPlatforms) = postSolution
		{D3E9B9F1-76F8-4EEC-A123-8608FFD2EB3C}.Debug|Any CPU.ActiveCfg = Release|Any CPU
		{D3E9B9F1-76F8-4EEC-A123-8608FFD2EB3C}.Debug|Any CPU.Build.0 = Release|Any CPU
		{D3E9B9F1-76F8-4EEC-A123-8608FFD2EB3C}.Release|Any CPU.ActiveCfg = Release|Any CPU
		{D3E9B9F1-76F8-4EEC-A123-8608FFD2EB3C}.Release|Any CPU.Build.0 = Release|Any CPU
	EndGlobalSection
	GlobalSection(SolutionProperties) = preSolution
		HideSolutionNode = FALSE
	EndGlobalSection
EndGlobal
